
Microsoft Visual Studio Solution File, Format Version 12.00
# Visual Studio Version 17
VisualStudioVersion = 17.3.32901.215
MinimumVisualStudioVersion = 10.0.40219.1
Project("{2150E333-8FDC-42A3-9474-1A3956D46DE8}") = "Src", "Src", "{0CB9DD7D-F863-46B5-B3C4-CCA8CF325E48}"
EndProject
Project("{9A19103F-16F7-4668-BE54-9A1E7A4F7556}") = "API Demo", "Src\API Demo\API Demo.csproj", "{B06E2334-0C4F-461D-A8DD-C3D24A97986F}"
EndProject
Project("{9A19103F-16F7-4668-BE54-9A1E7A4F7556}") = "ApiExceptionPipelineV2.0", "Src\ApiExceptionPipelineV2.0\ApiExceptionPipelineV2.0.csproj", "{E91D1BFA-4F52-48B9-9B36-35775ACFC9C8}"
EndProject
Global
	GlobalSection(SolutionConfigurationPlatforms) = preSolution
		Debug|Any CPU = Debug|Any CPU
		Release|Any CPU = Release|Any CPU
	EndGlobalSection
	GlobalSection(ProjectConfigurationPlatforms) = postSolution
		{B06E2334-0C4F-461D-A8DD-C3D24A97986F}.Debug|Any CPU.ActiveCfg = Debug|Any CPU
		{B06E2334-0C4F-461D-A8DD-C3D24A97986F}.Debug|Any CPU.Build.0 = Debug|Any CPU
		{B06E2334-0C4F-461D-A8DD-C3D24A97986F}.Release|Any CPU.ActiveCfg = Release|Any CPU
		{B06E2334-0C4F-461D-A8DD-C3D24A97986F}.Release|Any CPU.Build.0 = Release|Any CPU
		{E91D1BFA-4F52-48B9-9B36-35775ACFC9C8}.Debug|Any CPU.ActiveCfg = Debug|Any CPU
		{E91D1BFA-4F52-48B9-9B36-35775ACFC9C8}.Debug|Any CPU.Build.0 = Debug|Any CPU
		{E91D1BFA-4F52-48B9-9B36-35775ACFC9C8}.Release|Any CPU.ActiveCfg = Release|Any CPU
		{E91D1BFA-4F52-48B9-9B36-35775ACFC9C8}.Release|Any CPU.Build.0 = Release|Any CPU
	EndGlobalSection
	GlobalSection(SolutionProperties) = preSolution
		HideSolutionNode = FALSE
	EndGlobalSection
	GlobalSection(NestedProjects) = preSolution
		{B06E2334-0C4F-461D-A8DD-C3D24A97986F} = {0CB9DD7D-F863-46B5-B3C4-CCA8CF325E48}
		{E91D1BFA-4F52-48B9-9B36-35775ACFC9C8} = {0CB9DD7D-F863-46B5-B3C4-CCA8CF325E48}
	EndGlobalSection
	GlobalSection(ExtensibilityGlobals) = postSolution
		SolutionGuid = {CED1F498-81CB-4026-8C94-733C4C590B9B}
	EndGlobalSection
EndGlobal
